
Microsoft Visual Studio Solution File, Format Version 12.00
# Visual Studio Version 17
VisualStudioVersion = 17.11.35327.3
MinimumVisualStudioVersion = 10.0.40219.1
Project("{9A19103F-16F7-4668-BE54-9A1E7A4F7556}") = "AssemblyAI.Console", "AssemblyAI\AssemblyAI.Console.csproj", "{7318F6EE-D219-4F37-B1E9-1A7D446EF2A9}"
EndProject
Project("{9A19103F-16F7-4668-BE54-9A1E7A4F7556}") = "AssemblyAILambda", "AssemblyAILambda\AssemblyAILambda.csproj", "{0A7C8B0E-23ED-45C1-BC43-3EA03EF9E63C}"
EndProject
Project("{FAE04EC0-301F-11D3-BF4B-00C04F79EFBC}") = "FrontEnd", "FrontEnd\FrontEnd.csproj", "{E4B0FB57-2840-40BB-AB20-7642AAF380FF}"
EndProject
Global
	GlobalSection(SolutionConfigurationPlatforms) = preSolution
		Debug|Any CPU = Debug|Any CPU
		Release|Any CPU = Release|Any CPU
	EndGlobalSection
	GlobalSection(ProjectConfigurationPlatforms) = postSolution
		{7318F6EE-D219-4F37-B1E9-1A7D446EF2A9}.Debug|Any CPU.ActiveCfg = Debug|Any CPU
		{7318F6EE-D219-4F37-B1E9-1A7D446EF2A9}.Debug|Any CPU.Build.0 = Debug|Any CPU
		{7318F6EE-D219-4F37-B1E9-1A7D446EF2A9}.Release|Any CPU.ActiveCfg = Release|Any CPU
		{7318F6EE-D219-4F37-B1E9-1A7D446EF2A9}.Release|Any CPU.Build.0 = Release|Any CPU
		{0A7C8B0E-23ED-45C1-BC43-3EA03EF9E63C}.Debug|Any CPU.ActiveCfg = Debug|Any CPU
		{0A7C8B0E-23ED-45C1-BC43-3EA03EF9E63C}.Debug|Any CPU.Build.0 = Debug|Any CPU
		{0A7C8B0E-23ED-45C1-BC43-3EA03EF9E63C}.Release|Any CPU.ActiveCfg = Release|Any CPU
		{0A7C8B0E-23ED-45C1-BC43-3EA03EF9E63C}.Release|Any CPU.Build.0 = Release|Any CPU
		{E4B0FB57-2840-40BB-AB20-7642AAF380FF}.Debug|Any CPU.ActiveCfg = Debug|Any CPU
		{E4B0FB57-2840-40BB-AB20-7642AAF380FF}.Debug|Any CPU.Build.0 = Debug|Any CPU
		{E4B0FB57-2840-40BB-AB20-7642AAF380FF}.Release|Any CPU.ActiveCfg = Release|Any CPU
		{E4B0FB57-2840-40BB-AB20-7642AAF380FF}.Release|Any CPU.Build.0 = Release|Any CPU
	EndGlobalSection
	GlobalSection(SolutionProperties) = preSolution
		HideSolutionNode = FALSE
	EndGlobalSection
	GlobalSection(ExtensibilityGlobals) = postSolution
		SolutionGuid = {0373D686-4D67-4B0C-91BB-6C4536CC2879}
	EndGlobalSection
EndGlobal
